
Microsoft Visual Studio Solution File, Format Version 12.00
# Visual Studio Version 17
VisualStudioVersion = 17.4.33122.133
MinimumVisualStudioVersion = 10.0.40219.1
Project("{FAE04EC0-301F-11D3-BF4B-00C04F79EFBC}") = "MathQuiz", "MathQuiz\MathQuiz.csproj", "{DAFB1C27-8501-40E1-8AAA-9A019DAB328D}"
EndProject
Global
	GlobalSection(SolutionConfigurationPlatforms) = preSolution
		Debug|Any CPU = Debug|Any CPU
		Release|Any CPU = Release|Any CPU
	EndGlobalSection
	GlobalSection(ProjectConfigurationPlatforms) = postSolution
		{DAFB1C27-8501-40E1-8AAA-9A019DAB328D}.Debug|Any CPU.ActiveCfg = Debug|Any CPU
		{DAFB1C27-8501-40E1-8AAA-9A019DAB328D}.Debug|Any CPU.Build.0 = Debug|Any CPU
		{DAFB1C27-8501-40E1-8AAA-9A019DAB328D}.Release|Any CPU.ActiveCfg = Release|Any CPU
		{DAFB1C27-8501-40E1-8AAA-9A019DAB328D}.Release|Any CPU.Build.0 = Release|Any CPU
	EndGlobalSection
	GlobalSection(SolutionProperties) = preSolution
		HideSolutionNode = FALSE
	EndGlobalSection
	GlobalSection(ExtensibilityGlobals) = postSolution
		SolutionGuid = {EC5D6C9D-AFE9-40DA-99B4-A8592EEAD8CB}
	EndGlobalSection
EndGlobal
